Microsoft Visual Studio Solution File, Format Version 12.00
# Visual Studio Version 17
VisualStudioVersion = 17.5.2.0
MinimumVisualStudioVersion = 10.0.40219.1
Project("{2150E333-8FDC-42A3-9474-1A3956D46DE8}") = "00_install_en_project", "00_install_en_project", "{6944D8AF-770A-63FE-2505-3DE4A58A3974}"
EndProject
Project("{2150E333-8FDC-42A3-9474-1A3956D46DE8}") = "02_var", "02_var", "{B317ECE7-A39E-13BB-7747-8ABA78B1E51C}"
EndProject
Project("{2150E333-8FDC-42A3-9474-1A3956D46DE8}") = "03_rekenen", "03_rekenen", "{CC47A6E7-8E7D-6E1E-24C5-27BA9304E3F6}"
EndProject
Project("{2150E333-8FDC-42A3-9474-1A3956D46DE8}") = "04_beslissen", "04_beslissen", "{26766FCF-6D53-8528-37FF-62D6C6AEBC63}"
EndProject
Project("{2150E333-8FDC-42A3-9474-1A3956D46DE8}") = "05_collecties", "05_collecties", "{5BE2F0A1-9C2B-EC87-CD59-951B2F0EAE4E}"
EndProject
Project("{2150E333-8FDC-42A3-9474-1A3956D46DE8}") = "06_loops", "06_loops", "{9CAFFBCD-5097-292F-7AB9-2D652725AC82}"
EndProject
Project("{2150E333-8FDC-42A3-9474-1A3956D46DE8}") = "07_func_use", "07_func_use", "{6174D779-7AA9-D8DD-4A60-345DBAC23319}"
EndProject
Project("{FAE04EC0-301F-11D3-BF4B-00C04F79EFBC}") = "codeplek", "00_install_en_project\codeplek\codeplek.csproj", "{DFDB6D7B-297B-8374-BF91-56F819D4D693}"
EndProject
Project("{FAE04EC0-301F-11D3-BF4B-00C04F79EFBC}") = "consoleproject", "00_install_en_project\consoleproject\consoleproject.csproj", "{2DE70454-28D4-B0C1-93DA-9D22C1FAFE01}"
EndProject
Project("{FAE04EC0-301F-11D3-BF4B-00C04F79EFBC}") = "verhaal", "00_install_en_project\verhaal\verhaal.csproj", "{76F54D7C-BA73-CDB9-E230-EC3E40A21A6A}"
EndProject
Project("{FAE04EC0-301F-11D3-BF4B-00C04F79EFBC}") = "fouten", "02_var\fouten\fouten.csproj", "{8725FF43-BBC1-4842-096F-9632C6D27021}"
EndProject
Project("{FAE04EC0-301F-11D3-BF4B-00C04F79EFBC}") = "stringvar", "02_var\stringvar\stringvar.csproj", "{1E743F7A-83C1-1696-D443-AE160C256750}"
EndProject
Project("{FAE04EC0-301F-11D3-BF4B-00C04F79EFBC}") = "variableopdracht1", "02_var\variableopdracht1\variableopdracht1.csproj", "{6081802F-A039-E5C5-0C54-58D5CE6E6891}"
EndProject
Project("{FAE04EC0-301F-11D3-BF4B-00C04F79EFBC}") = "variableopdracht2", "02_var\variableopdracht2\variableopdracht2.csproj", "{134F9C99-5AA8-8289-F9C0-9119C9222601}"
EndProject
Project("{FAE04EC0-301F-11D3-BF4B-00C04F79EFBC}") = "enterplus", "03_rekenen\enterplus\enterplus.csproj", "{5E588A4D-9948-CBE5-3076-3E62A302FABB}"
EndProject
Project("{FAE04EC0-301F-11D3-BF4B-00C04F79EFBC}") = "operators", "03_rekenen\operators\operators.csproj", "{1EA97E2E-C293-DB63-CA3C-4671D4D486FB}"
EndProject
Project("{FAE04EC0-301F-11D3-BF4B-00C04F79EFBC}") = "output", "03_rekenen\output\output.csproj", "{4B172E4D-95D0-B226-708A-DC9676E0153E}"
EndProject
Project("{FAE04EC0-301F-11D3-BF4B-00C04F79EFBC}") = "plus", "03_rekenen\plus\plus.csproj", "{07D5C734-2AD5-B008-02C3-C590CC88A576}"
EndProject
Project("{FAE04EC0-301F-11D3-BF4B-00C04F79EFBC}") = "sommen", "03_rekenen\sommen\sommen.csproj", "{59CA908D-56D0-3B52-9B82-26FAC25B0081}"
EndProject
Project("{FAE04EC0-301F-11D3-BF4B-00C04F79EFBC}") = "als", "04_beslissen\als\als.csproj", "{81B4E7BC-18CD-C5F9-76B4-18B0EE42FF40}"
EndProject
Project("{FAE04EC0-301F-11D3-BF4B-00C04F79EFBC}") = "alsdan", "04_beslissen\alsdan\alsdan.csproj", "{CB99FB20-F8E8-5463-CF1C-2FCBDF099F48}"
EndProject
Project("{FAE04EC0-301F-11D3-BF4B-00C04F79EFBC}") = "en", "04_beslissen\en\en.csproj", "{524A8702-265B-FEAC-8FAE-0EEBC932B6FC}"
EndProject
Project("{FAE04EC0-301F-11D3-BF4B-00C04F79EFBC}") = "of", "04_beslissen\of\of.csproj", "{C2533398-94ED-7D2E-CE14-BDD50CF180A3}"
EndProject
Project("{FAE04EC0-301F-11D3-BF4B-00C04F79EFBC}") = "bruto", "05_collecties\bruto\bruto.csproj", "{D1C25FF8-2B3B-9517-8FC9-23893C7B9C2F}"
EndProject
Project("{FAE04EC0-301F-11D3-BF4B-00C04F79EFBC}") = "direct", "05_collecties\direct\direct.csproj", "{035BD1A7-CB4E-570D-C89E-BECFC9033224}"
EndProject
Project("{FAE04EC0-301F-11D3-BF4B-00C04F79EFBC}") = "fruit", "05_collecties\fruit\fruit.csproj", "{5BD830C0-B1A1-AC76-B393-C0E6DCFD9889}"
EndProject
Project("{FAE04EC0-301F-11D3-BF4B-00C04F79EFBC}") = "ialindex", "05_collecties\ialindex\ialindex.csproj", "{4628BB8C-A261-4F87-27EB-53041171B4F3}"
EndProject
Project("{FAE04EC0-301F-11D3-BF4B-00C04F79EFBC}") = "uitvragen", "05_collecties\uitvragen\uitvragen.csproj", "{338C5F20-3A9D-5FA3-528B-5404A1A8AC00}"
EndProject
Project("{FAE04EC0-301F-11D3-BF4B-00C04F79EFBC}") = "varindex", "05_collecties\varindex\varindex.csproj", "{758150C6-31C2-5D29-00B5-7C9BB8790746}"
EndProject
Project("{FAE04EC0-301F-11D3-BF4B-00C04F79EFBC}") = "arraycalc", "06_loops\arraycalc\arraycalc.csproj", "{9B3B91A8-5C15-35F3-43C5-C89D52EF6110}"
EndProject
Project("{FAE04EC0-301F-11D3-BF4B-00C04F79EFBC}") = "basicloop", "06_loops\basicloop\basicloop.csproj", "{3B7CE636-6499-FC6D-7CDA-7A86A681D8EC}"
EndProject
Project("{FAE04EC0-301F-11D3-BF4B-00C04F79EFBC}") = "complexobj", "06_loops\complexobj\complexobj.csproj", "{3D90D28C-B695-65F8-224D-B37DBE69A4A9}"
EndProject
Project("{FAE04EC0-301F-11D3-BF4B-00C04F79EFBC}") = "forit", "06_loops\forit\forit.csproj", "{E35A8280-7405-00CB-4AFE-32304FD0169A}"
EndProject
Project("{FAE04EC0-301F-11D3-BF4B-00C04F79EFBC}") = "stringclass", "06_loops\stringclass\stringclass.csproj", "{372A1575-7CD0-D61E-ECEA-D6769F9FA805}"
EndProject
Project("{FAE04EC0-301F-11D3-BF4B-00C04F79EFBC}") = "funccall", "07_func_use\funccall\funccall.csproj", "{31E32BC5-A21B-0DB6-CFB9-CB4B8FBD360C}"
EndProject
Global
	GlobalSection(SolutionConfigurationPlatforms) = preSolution
		Debug|Any CPU = Debug|Any CPU
		Release|Any CPU = Release|Any CPU
	EndGlobalSection
	GlobalSection(ProjectConfigurationPlatforms) = postSolution
		{DFDB6D7B-297B-8374-BF91-56F819D4D693}.Debug|Any CPU.ActiveCfg = Debug|Any CPU
		{DFDB6D7B-297B-8374-BF91-56F819D4D693}.Debug|Any CPU.Build.0 = Debug|Any CPU
		{DFDB6D7B-297B-8374-BF91-56F819D4D693}.Release|Any CPU.ActiveCfg = Release|Any CPU
		{DFDB6D7B-297B-8374-BF91-56F819D4D693}.Release|Any CPU.Build.0 = Release|Any CPU
		{2DE70454-28D4-B0C1-93DA-9D22C1FAFE01}.Debug|Any CPU.ActiveCfg = Debug|Any CPU
		{2DE70454-28D4-B0C1-93DA-9D22C1FAFE01}.Debug|Any CPU.Build.0 = Debug|Any CPU
		{2DE70454-28D4-B0C1-93DA-9D22C1FAFE01}.Release|Any CPU.ActiveCfg = Release|Any CPU
		{2DE70454-28D4-B0C1-93DA-9D22C1FAFE01}.Release|Any CPU.Build.0 = Release|Any CPU
		{76F54D7C-BA73-CDB9-E230-EC3E40A21A6A}.Debug|Any CPU.ActiveCfg = Debug|Any CPU
		{76F54D7C-BA73-CDB9-E230-EC3E40A21A6A}.Debug|Any CPU.Build.0 = Debug|Any CPU
		{76F54D7C-BA73-CDB9-E230-EC3E40A21A6A}.Release|Any CPU.ActiveCfg = Release|Any CPU
		{76F54D7C-BA73-CDB9-E230-EC3E40A21A6A}.Release|Any CPU.Build.0 = Release|Any CPU
		{8725FF43-BBC1-4842-096F-9632C6D27021}.Debug|Any CPU.ActiveCfg = Debug|Any CPU
		{8725FF43-BBC1-4842-096F-9632C6D27021}.Debug|Any CPU.Build.0 = Debug|Any CPU
		{8725FF43-BBC1-4842-096F-9632C6D27021}.Release|Any CPU.ActiveCfg = Release|Any CPU
		{8725FF43-BBC1-4842-096F-9632C6D27021}.Release|Any CPU.Build.0 = Release|Any CPU
		{1E743F7A-83C1-1696-D443-AE160C256750}.Debug|Any CPU.ActiveCfg = Debug|Any CPU
		{1E743F7A-83C1-1696-D443-AE160C256750}.Debug|Any CPU.Build.0 = Debug|Any CPU
		{1E743F7A-83C1-1696-D443-AE160C256750}.Release|Any CPU.ActiveCfg = Release|Any CPU
		{1E743F7A-83C1-1696-D443-AE160C256750}.Release|Any CPU.Build.0 = Release|Any CPU
		{6081802F-A039-E5C5-0C54-58D5CE6E6891}.Debug|Any CPU.ActiveCfg = Debug|Any CPU
		{6081802F-A039-E5C5-0C54-58D5CE6E6891}.Debug|Any CPU.Build.0 = Debug|Any CPU
		{6081802F-A039-E5C5-0C54-58D5CE6E6891}.Release|Any CPU.ActiveCfg = Release|Any CPU
		{6081802F-A039-E5C5-0C54-58D5CE6E6891}.Release|Any CPU.Build.0 = Release|Any CPU
		{134F9C99-5AA8-8289-F9C0-9119C9222601}.Debug|Any CPU.ActiveCfg = Debug|Any CPU
		{134F9C99-5AA8-8289-F9C0-9119C9222601}.Debug|Any CPU.Build.0 = Debug|Any CPU
		{134F9C99-5AA8-8289-F9C0-9119C9222601}.Release|Any CPU.ActiveCfg = Release|Any CPU
		{134F9C99-5AA8-8289-F9C0-9119C9222601}.Release|Any CPU.Build.0 = Release|Any CPU
		{5E588A4D-9948-CBE5-3076-3E62A302FABB}.Debug|Any CPU.ActiveCfg = Debug|Any CPU
		{5E588A4D-9948-CBE5-3076-3E62A302FABB}.Debug|Any CPU.Build.0 = Debug|Any CPU
		{5E588A4D-9948-CBE5-3076-3E62A302FABB}.Release|Any CPU.ActiveCfg = Release|Any CPU
		{5E588A4D-9948-CBE5-3076-3E62A302FABB}.Release|Any CPU.Build.0 = Release|Any CPU
		{1EA97E2E-C293-DB63-CA3C-4671D4D486FB}.Debug|Any CPU.ActiveCfg = Debug|Any CPU
		{1EA97E2E-C293-DB63-CA3C-4671D4D486FB}.Debug|Any CPU.Build.0 = Debug|Any CPU
		{1EA97E2E-C293-DB63-CA3C-4671D4D486FB}.Release|Any CPU.ActiveCfg = Release|Any CPU
		{1EA97E2E-C293-DB63-CA3C-4671D4D486FB}.Release|Any CPU.Build.0 = Release|Any CPU
		{4B172E4D-95D0-B226-708A-DC9676E0153E}.Debug|Any CPU.ActiveCfg = Debug|Any CPU
		{4B172E4D-95D0-B226-708A-DC9676E0153E}.Debug|Any CPU.Build.0 = Debug|Any CPU
		{4B172E4D-95D0-B226-708A-DC9676E0153E}.Release|Any CPU.ActiveCfg = Release|Any CPU
		{4B172E4D-95D0-B226-708A-DC9676E0153E}.Release|Any CPU.Build.0 = Release|Any CPU
		{07D5C734-2AD5-B008-02C3-C590CC88A576}.Debug|Any CPU.ActiveCfg = Debug|Any CPU
		{07D5C734-2AD5-B008-02C3-C590CC88A576}.Debug|Any CPU.Build.0 = Debug|Any CPU
		{07D5C734-2AD5-B008-02C3-C590CC88A576}.Release|Any CPU.ActiveCfg = Release|Any CPU
		{07D5C734-2AD5-B008-02C3-C590CC88A576}.Release|Any CPU.Build.0 = Release|Any CPU
		{59CA908D-56D0-3B52-9B82-26FAC25B0081}.Debug|Any CPU.ActiveCfg = Debug|Any CPU
		{59CA908D-56D0-3B52-9B82-26FAC25B0081}.Debug|Any CPU.Build.0 = Debug|Any CPU
		{59CA908D-56D0-3B52-9B82-26FAC25B0081}.Release|Any CPU.ActiveCfg = Release|Any CPU
		{59CA908D-56D0-3B52-9B82-26FAC25B0081}.Release|Any CPU.Build.0 = Release|Any CPU
		{81B4E7BC-18CD-C5F9-76B4-18B0EE42FF40}.Debug|Any CPU.ActiveCfg = Debug|Any CPU
		{81B4E7BC-18CD-C5F9-76B4-18B0EE42FF40}.Debug|Any CPU.Build.0 = Debug|Any CPU
		{81B4E7BC-18CD-C5F9-76B4-18B0EE42FF40}.Release|Any CPU.ActiveCfg = Release|Any CPU
		{81B4E7BC-18CD-C5F9-76B4-18B0EE42FF40}.Release|Any CPU.Build.0 = Release|Any CPU
		{CB99FB20-F8E8-5463-CF1C-2FCBDF099F48}.Debug|Any CPU.ActiveCfg = Debug|Any CPU
		{CB99FB20-F8E8-5463-CF1C-2FCBDF099F48}.Debug|Any CPU.Build.0 = Debug|Any CPU
		{CB99FB20-F8E8-5463-CF1C-2FCBDF099F48}.Release|Any CPU.ActiveCfg = Release|Any CPU
		{CB99FB20-F8E8-5463-CF1C-2FCBDF099F48}.Release|Any CPU.Build.0 = Release|Any CPU
		{524A8702-265B-FEAC-8FAE-0EEBC932B6FC}.Debug|Any CPU.ActiveCfg = Debug|Any CPU
		{524A8702-265B-FEAC-8FAE-0EEBC932B6FC}.Debug|Any CPU.Build.0 = Debug|Any CPU
		{524A8702-265B-FEAC-8FAE-0EEBC932B6FC}.Release|Any CPU.ActiveCfg = Release|Any CPU
		{524A8702-265B-FEAC-8FAE-0EEBC932B6FC}.Release|Any CPU.Build.0 = Release|Any CPU
		{C2533398-94ED-7D2E-CE14-BDD50CF180A3}.Debug|Any CPU.ActiveCfg = Debug|Any CPU
		{C2533398-94ED-7D2E-CE14-BDD50CF180A3}.Debug|Any CPU.Build.0 = Debug|Any CPU
		{C2533398-94ED-7D2E-CE14-BDD50CF180A3}.Release|Any CPU.ActiveCfg = Release|Any CPU
		{C2533398-94ED-7D2E-CE14-BDD50CF180A3}.Release|Any CPU.Build.0 = Release|Any CPU
		{D1C25FF8-2B3B-9517-8FC9-23893C7B9C2F}.Debug|Any CPU.ActiveCfg = Debug|Any CPU
		{D1C25FF8-2B3B-9517-8FC9-23893C7B9C2F}.Debug|Any CPU.Build.0 = Debug|Any CPU
		{D1C25FF8-2B3B-9517-8FC9-23893C7B9C2F}.Release|Any CPU.ActiveCfg = Release|Any CPU
		{D1C25FF8-2B3B-9517-8FC9-23893C7B9C2F}.Release|Any CPU.Build.0 = Release|Any CPU
		{035BD1A7-CB4E-570D-C89E-BECFC9033224}.Debug|Any CPU.ActiveCfg = Debug|Any CPU
		{035BD1A7-CB4E-570D-C89E-BECFC9033224}.Debug|Any CPU.Build.0 = Debug|Any CPU
		{035BD1A7-CB4E-570D-C89E-BECFC9033224}.Release|Any CPU.ActiveCfg = Release|Any CPU
		{035BD1A7-CB4E-570D-C89E-BECFC9033224}.Release|Any CPU.Build.0 = Release|Any CPU
		{5BD830C0-B1A1-AC76-B393-C0E6DCFD9889}.Debug|Any CPU.ActiveCfg = Debug|Any CPU
		{5BD830C0-B1A1-AC76-B393-C0E6DCFD9889}.Debug|Any CPU.Build.0 = Debug|Any CPU
		{5BD830C0-B1A1-AC76-B393-C0E6DCFD9889}.Release|Any CPU.ActiveCfg = Release|Any CPU
		{5BD830C0-B1A1-AC76-B393-C0E6DCFD9889}.Release|Any CPU.Build.0 = Release|Any CPU
		{4628BB8C-A261-4F87-27EB-53041171B4F3}.Debug|Any CPU.ActiveCfg = Debug|Any CPU
		{4628BB8C-A261-4F87-27EB-53041171B4F3}.Debug|Any CPU.Build.0 = Debug|Any CPU
		{4628BB8C-A261-4F87-27EB-53041171B4F3}.Release|Any CPU.ActiveCfg = Release|Any CPU
		{4628BB8C-A261-4F87-27EB-53041171B4F3}.Release|Any CPU.Build.0 = Release|Any CPU
		{338C5F20-3A9D-5FA3-528B-5404A1A8AC00}.Debug|Any CPU.ActiveCfg = Debug|Any CPU
		{338C5F20-3A9D-5FA3-528B-5404A1A8AC00}.Debug|Any CPU.Build.0 = Debug|Any CPU
		{338C5F20-3A9D-5FA3-528B-5404A1A8AC00}.Release|Any CPU.ActiveCfg = Release|Any CPU
		{338C5F20-3A9D-5FA3-528B-5404A1A8AC00}.Release|Any CPU.Build.0 = Release|Any CPU
		{758150C6-31C2-5D29-00B5-7C9BB8790746}.Debug|Any CPU.ActiveCfg = Debug|Any CPU
		{758150C6-31C2-5D29-00B5-7C9BB8790746}.Debug|Any CPU.Build.0 = Debug|Any CPU
		{758150C6-31C2-5D29-00B5-7C9BB8790746}.Release|Any CPU.ActiveCfg = Release|Any CPU
		{758150C6-31C2-5D29-00B5-7C9BB8790746}.Release|Any CPU.Build.0 = Release|Any CPU
		{9B3B91A8-5C15-35F3-43C5-C89D52EF6110}.Debug|Any CPU.ActiveCfg = Debug|Any CPU
		{9B3B91A8-5C15-35F3-43C5-C89D52EF6110}.Debug|Any CPU.Build.0 = Debug|Any CPU
		{9B3B91A8-5C15-35F3-43C5-C89D52EF6110}.Release|Any CPU.ActiveCfg = Release|Any CPU
		{9B3B91A8-5C15-35F3-43C5-C89D52EF6110}.Release|Any CPU.Build.0 = Release|Any CPU
		{3B7CE636-6499-FC6D-7CDA-7A86A681D8EC}.Debug|Any CPU.ActiveCfg = Debug|Any CPU
		{3B7CE636-6499-FC6D-7CDA-7A86A681D8EC}.Debug|Any CPU.Build.0 = Debug|Any CPU
		{3B7CE636-6499-FC6D-7CDA-7A86A681D8EC}.Release|Any CPU.ActiveCfg = Release|Any CPU
		{3B7CE636-6499-FC6D-7CDA-7A86A681D8EC}.Release|Any CPU.Build.0 = Release|Any CPU
		{3D90D28C-B695-65F8-224D-B37DBE69A4A9}.Debug|Any CPU.ActiveCfg = Debug|Any CPU
		{3D90D28C-B695-65F8-224D-B37DBE69A4A9}.Debug|Any CPU.Build.0 = Debug|Any CPU
		{3D90D28C-B695-65F8-224D-B37DBE69A4A9}.Release|Any CPU.ActiveCfg = Release|Any CPU
		{3D90D28C-B695-65F8-224D-B37DBE69A4A9}.Release|Any CPU.Build.0 = Release|Any CPU
		{E35A8280-7405-00CB-4AFE-32304FD0169A}.Debug|Any CPU.ActiveCfg = Debug|Any CPU
		{E35A8280-7405-00CB-4AFE-32304FD0169A}.Debug|Any CPU.Build.0 = Debug|Any CPU
		{E35A8280-7405-00CB-4AFE-32304FD0169A}.Release|Any CPU.ActiveCfg = Release|Any CPU
		{E35A8280-7405-00CB-4AFE-32304FD0169A}.Release|Any CPU.Build.0 = Release|Any CPU
		{372A1575-7CD0-D61E-ECEA-D6769F9FA805}.Debug|Any CPU.ActiveCfg = Debug|Any CPU
		{372A1575-7CD0-D61E-ECEA-D6769F9FA805}.Debug|Any CPU.Build.0 = Debug|Any CPU
		{372A1575-7CD0-D61E-ECEA-D6769F9FA805}.Release|Any CPU.ActiveCfg = Release|Any CPU
		{372A1575-7CD0-D61E-ECEA-D6769F9FA805}.Release|Any CPU.Build.0 = Release|Any CPU
		{31E32BC5-A21B-0DB6-CFB9-CB4B8FBD360C}.Debug|Any CPU.ActiveCfg = Debug|Any CPU
		{31E32BC5-A21B-0DB6-CFB9-CB4B8FBD360C}.Debug|Any CPU.Build.0 = Debug|Any CPU
		{31E32BC5-A21B-0DB6-CFB9-CB4B8FBD360C}.Release|Any CPU.ActiveCfg = Release|Any CPU
		{31E32BC5-A21B-0DB6-CFB9-CB4B8FBD360C}.Release|Any CPU.Build.0 = Release|Any CPU
	EndGlobalSection
	GlobalSection(SolutionProperties) = preSolution
		HideSolutionNode = FALSE
	EndGlobalSection
	GlobalSection(NestedProjects) = preSolution
		{DFDB6D7B-297B-8374-BF91-56F819D4D693} = {6944D8AF-770A-63FE-2505-3DE4A58A3974}
		{2DE70454-28D4-B0C1-93DA-9D22C1FAFE01} = {6944D8AF-770A-63FE-2505-3DE4A58A3974}
		{76F54D7C-BA73-CDB9-E230-EC3E40A21A6A} = {6944D8AF-770A-63FE-2505-3DE4A58A3974}
		{8725FF43-BBC1-4842-096F-9632C6D27021} = {B317ECE7-A39E-13BB-7747-8ABA78B1E51C}
		{1E743F7A-83C1-1696-D443-AE160C256750} = {B317ECE7-A39E-13BB-7747-8ABA78B1E51C}
		{6081802F-A039-E5C5-0C54-58D5CE6E6891} = {B317ECE7-A39E-13BB-7747-8ABA78B1E51C}
		{134F9C99-5AA8-8289-F9C0-9119C9222601} = {B317ECE7-A39E-13BB-7747-8ABA78B1E51C}
		{5E588A4D-9948-CBE5-3076-3E62A302FABB} = {CC47A6E7-8E7D-6E1E-24C5-27BA9304E3F6}
		{1EA97E2E-C293-DB63-CA3C-4671D4D486FB} = {CC47A6E7-8E7D-6E1E-24C5-27BA9304E3F6}
		{4B172E4D-95D0-B226-708A-DC9676E0153E} = {CC47A6E7-8E7D-6E1E-24C5-27BA9304E3F6}
		{07D5C734-2AD5-B008-02C3-C590CC88A576} = {CC47A6E7-8E7D-6E1E-24C5-27BA9304E3F6}
		{59CA908D-56D0-3B52-9B82-26FAC25B0081} = {CC47A6E7-8E7D-6E1E-24C5-27BA9304E3F6}
		{81B4E7BC-18CD-C5F9-76B4-18B0EE42FF40} = {26766FCF-6D53-8528-37FF-62D6C6AEBC63}
		{CB99FB20-F8E8-5463-CF1C-2FCBDF099F48} = {26766FCF-6D53-8528-37FF-62D6C6AEBC63}
		{524A8702-265B-FEAC-8FAE-0EEBC932B6FC} = {26766FCF-6D53-8528-37FF-62D6C6AEBC63}
		{C2533398-94ED-7D2E-CE14-BDD50CF180A3} = {26766FCF-6D53-8528-37FF-62D6C6AEBC63}
		{D1C25FF8-2B3B-9517-8FC9-23893C7B9C2F} = {5BE2F0A1-9C2B-EC87-CD59-951B2F0EAE4E}
		{035BD1A7-CB4E-570D-C89E-BECFC9033224} = {5BE2F0A1-9C2B-EC87-CD59-951B2F0EAE4E}
		{5BD830C0-B1A1-AC76-B393-C0E6DCFD9889} = {5BE2F0A1-9C2B-EC87-CD59-951B2F0EAE4E}
		{4628BB8C-A261-4F87-27EB-53041171B4F3} = {5BE2F0A1-9C2B-EC87-CD59-951B2F0EAE4E}
		{338C5F20-3A9D-5FA3-528B-5404A1A8AC00} = {5BE2F0A1-9C2B-EC87-CD59-951B2F0EAE4E}
		{758150C6-31C2-5D29-00B5-7C9BB8790746} = {5BE2F0A1-9C2B-EC87-CD59-951B2F0EAE4E}
		{9B3B91A8-5C15-35F3-43C5-C89D52EF6110} = {9CAFFBCD-5097-292F-7AB9-2D652725AC82}
		{3B7CE636-6499-FC6D-7CDA-7A86A681D8EC} = {9CAFFBCD-5097-292F-7AB9-2D652725AC82}
		{3D90D28C-B695-65F8-224D-B37DBE69A4A9} = {9CAFFBCD-5097-292F-7AB9-2D652725AC82}
		{E35A8280-7405-00CB-4AFE-32304FD0169A} = {9CAFFBCD-5097-292F-7AB9-2D652725AC82}
		{372A1575-7CD0-D61E-ECEA-D6769F9FA805} = {9CAFFBCD-5097-292F-7AB9-2D652725AC82}
		{31E32BC5-A21B-0DB6-CFB9-CB4B8FBD360C} = {6174D779-7AA9-D8DD-4A60-345DBAC23319}
	EndGlobalSection
	GlobalSection(ExtensibilityGlobals) = postSolution
		SolutionGuid = {D49D687E-6D15-47F8-A0FC-0EA90F2A5B34}
	EndGlobalSection
EndGlobal
